
Microsoft Visual Studio Solution File, Format Version 12.00
# Visual Studio Version 16
VisualStudioVersion = 16.0.29709.97
MinimumVisualStudioVersion = 10.0.40219.1
Project("{9A19103F-16F7-4668-BE54-9A1E7A4F7556}") = "Console-DI", "Console-DI.csproj", "{2FDA1186-4F34-474A-87BF-800659311729}"
EndProject
Global
	GlobalSection(SolutionConfigurationPlatforms) = preSolution
		Debug|Any CPU = Debug|Any CPU
		Release|Any CPU = Release|Any CPU
	EndGlobalSection
	GlobalSection(ProjectConfigurationPlatforms) = postSolution
		{2FDA1186-4F34-474A-87BF-800659311729}.Debug|Any CPU.ActiveCfg = Debug|Any CPU
		{2FDA1186-4F34-474A-87BF-800659311729}.Debug|Any CPU.Build.0 = Debug|Any CPU
		{2FDA1186-4F34-474A-87BF-800659311729}.Release|Any CPU.ActiveCfg = Release|Any CPU
		{2FDA1186-4F34-474A-87BF-800659311729}.Release|Any CPU.Build.0 = Release|Any CPU
	EndGlobalSection
	GlobalSection(SolutionProperties) = preSolution
		HideSolutionNode = FALSE
	EndGlobalSection
	GlobalSection(ExtensibilityGlobals) = postSolution
		SolutionGuid = {361DE454-9414-4DC3-B733-2F995943ECB7}
	EndGlobalSection
EndGlobal
